// !$*UTF8*$!
{
	archiveVersion = 1;
	classes = {
	};
	objectVersion = 46;
	objects = {

/* Begin PBXBuildFile section */
		1D60589B0D05DD56006BFB54 /* main.m in Sources */ = {isa = PBXBuildFile; fileRef = 29B97316FDCFA39411CA2CEA /* main.m */; };
		1D60589F0D05DD5A006BFB54 /* Foundation.framework in Frameworks */ = {isa = PBXBuildFile; fileRef = 1D30AB110D05D00D00671497 /* Foundation.framework */; };
		1DF5F4E00D08C38300B7A737 /* UIKit.framework in Frameworks */ = {isa = PBXBuildFile; fileRef = 1DF5F4DF0D08C38300B7A737 /* UIKit.framework */; };
		288765FD0DF74451002DB57D /* CoreGraphics.framework in Frameworks */ = {isa = PBXBuildFile; fileRef = 288765FC0DF74451002DB57D /* CoreGraphics.framework */; };
		3353BC9D11EAABC5001DD6CE /* libsqlite3.dylib in Frameworks */ = {isa = PBXBuildFile; fileRef = 3353BC9C11EAABC5001DD6CE /* libsqlite3.dylib */; };
		33DC879F11DC700400CF9145 /* SystemConfiguration.framework in Frameworks */ = {isa = PBXBuildFile; fileRef = 33DC879E11DC700400CF9145 /* SystemConfiguration.framework */; };
		70EBB2CF12D99E2D0092D2C6 /* SetFileManager.m in Sources */ = {isa = PBXBuildFile; fileRef = 70EBB26412D99E2D0092D2C6 /* SetFileManager.m */; };
		E44EB72015DFD5B000375629 /* TDogAppDelegate.m in Sources */ = {isa = PBXBuildFile; fileRef = E44EB71F15DFD5B000375629 /* TDogAppDelegate.m */; };
		E454DA73138CBCBB004BDC83 /* MyCommonTableViewCell.m in Sources */ = {isa = PBXBuildFile; fileRef = E454DA72138CBCBB004BDC83 /* MyCommonTableViewCell.m */; };
		E47DC00E15259A8C00A893A1 /* Security.framework in Frameworks */ = {isa = PBXBuildFile; fileRef = E47DC00D15259A8C00A893A1 /* Security.framework */; };
		E4874E1513AA1B30006ABC35 /* InfoPlist.strings in Resources */ = {isa = PBXBuildFile; fileRef = E4874E1413AA1B30006ABC35 /* InfoPlist.strings */; };
		E4BCAC751490678F00B55EC1 /* MessageUI.framework in Frameworks */ = {isa = PBXBuildFile; fileRef = E4BCAC741490678E00B55EC1 /* MessageUI.framework */; };
		E4EBB45815BBD917006251E6 /* DBUtil.m in Sources */ = {isa = PBXBuildFile; fileRef = E4EBB45715BBD917006251E6 /* DBUtil.m */; };
		E4EBB45B15BBDB5F006251E6 /* FavoriteDo.m in Sources */ = {isa = PBXBuildFile; fileRef = E4EBB45A15BBDB5F006251E6 /* FavoriteDo.m */; };
		E4F1CA7415DF8A0500979325 /* RNCryptor.m in Sources */ = {isa = PBXBuildFile; fileRef = E4F1CA7315DF8A0500979325 /* RNCryptor.m */; };
		E4F1CA7E15DF8A5600979325 /* App.m in Sources */ = {isa = PBXBuildFile; fileRef = E4F1CA7715DF8A5600979325 /* App.m */; };
		E4F1CA7F15DF8A5600979325 /* EncryptViewController.m in Sources */ = {isa = PBXBuildFile; fileRef = E4F1CA7915DF8A5600979325 /* EncryptViewController.m */; };
		E4F1CA8015DF8A5600979325 /* MainViewController.m in Sources */ = {isa = PBXBuildFile; fileRef = E4F1CA7B15DF8A5600979325 /* MainViewController.m */; };
		E4F1CA8115DF8A5600979325 /* MyViewController.m in Sources */ = {isa = PBXBuildFile; fileRef = E4F1CA7D15DF8A5600979325 /* MyViewController.m */; };
		E4F1CA9915DF8C9800979325 /* bg_cell1.png in Resources */ = {isa = PBXBuildFile; fileRef = E4F1CA8315DF8C9800979325 /* bg_cell1.png */; };
		E4F1CA9A15DF8C9800979325 /* bg_cell1@2x.png in Resources */ = {isa = PBXBuildFile; fileRef = E4F1CA8415DF8C9800979325 /* bg_cell1@2x.png */; };
		E4F1CA9B15DF8C9800979325 /* bg_cell2.png in Resources */ = {isa = PBXBuildFile; fileRef = E4F1CA8515DF8C9800979325 /* bg_cell2.png */; };
		E4F1CA9C15DF8C9800979325 /* bg_cell2@2x.png in Resources */ = {isa = PBXBuildFile; fileRef = E4F1CA8615DF8C9800979325 /* bg_cell2@2x.png */; };
		E4F1CA9D15DF8C9800979325 /* bg_mainbg.png in Resources */ = {isa = PBXBuildFile; fileRef = E4F1CA8715DF8C9800979325 /* bg_mainbg.png */; };
		E4F1CA9E15DF8C9800979325 /* bg_mainbg@2x.png in Resources */ = {isa = PBXBuildFile; fileRef = E4F1CA8815DF8C9800979325 /* bg_mainbg@2x.png */; };
		E4F1CA9F15DF8C9800979325 /* btn_all_delete.png in Resources */ = {isa = PBXBuildFile; fileRef = E4F1CA8915DF8C9800979325 /* btn_all_delete.png */; };
		E4F1CAA015DF8C9800979325 /* btn_all_delete@2x.png in Resources */ = {isa = PBXBuildFile; fileRef = E4F1CA8A15DF8C9800979325 /* btn_all_delete@2x.png */; };
		E4F1CAA115DF8C9800979325 /* btn_close.png in Resources */ = {isa = PBXBuildFile; fileRef = E4F1CA8B15DF8C9800979325 /* btn_close.png */; };
		E4F1CAA215DF8C9800979325 /* btn_close@2x.png in Resources */ = {isa = PBXBuildFile; fileRef = E4F1CA8C15DF8C9800979325 /* btn_close@2x.png */; };
		E4F1CAA315DF8C9800979325 /* btn_done.png in Resources */ = {isa = PBXBuildFile; fileRef = E4F1CA8D15DF8C9800979325 /* btn_done.png */; };
		E4F1CAA415DF8C9800979325 /* btn_done@2x.png in Resources */ = {isa = PBXBuildFile; fileRef = E4F1CA8E15DF8C9800979325 /* btn_done@2x.png */; };
		E4F1CAA515DF8C9800979325 /* btn_edit.png in Resources */ = {isa = PBXBuildFile; fileRef = E4F1CA8F15DF8C9800979325 /* btn_edit.png */; };
		E4F1CAA615DF8C9800979325 /* btn_edit@2x.png in Resources */ = {isa = PBXBuildFile; fileRef = E4F1CA9015DF8C9800979325 /* btn_edit@2x.png */; };
		E4F1CAA715DF8C9800979325 /* Default.png in Resources */ = {isa = PBXBuildFile; fileRef = E4F1CA9115DF8C9800979325 /* Default.png */; };
		E4F1CAA815DF8C9800979325 /* Default@2x.png in Resources */ = {isa = PBXBuildFile; fileRef = E4F1CA9215DF8C9800979325 /* Default@2x.png */; };
		E4F1CAA915DF8C9800979325 /* Icon.png in Resources */ = {isa = PBXBuildFile; fileRef = E4F1CA9315DF8C9800979325 /* Icon.png */; };
		E4F1CAAA15DF8C9800979325 /* Icon@2x.png in Resources */ = {isa = PBXBuildFile; fileRef = E4F1CA9415DF8C9800979325 /* Icon@2x.png */; };
		E4F1CAAD15DF8C9800979325 /* title_blank.png in Resources */ = {isa = PBXBuildFile; fileRef = E4F1CA9715DF8C9800979325 /* title_blank.png */; };
		E4F1CAAE15DF8C9800979325 /* title_blank@2x.png in Resources */ = {isa = PBXBuildFile; fileRef = E4F1CA9815DF8C9800979325 /* title_blank@2x.png */; };
		E4F1CAB415DF8CE400979325 /* EncryptView.xib in Resources */ = {isa = PBXBuildFile; fileRef = E4F1CAB015DF8CE400979325 /* EncryptView.xib */; };
		E4F1CAB515DF8CE400979325 /* MainView.xib in Resources */ = {isa = PBXBuildFile; fileRef = E4F1CAB115DF8CE400979325 /* MainView.xib */; };
		E4F1CAB615DF8CE400979325 /* MyCommonTableViewCell.xib in Resources */ = {isa = PBXBuildFile; fileRef = E4F1CAB215DF8CE400979325 /* MyCommonTableViewCell.xib */; };
		E4F1CAB715DF8CE400979325 /* MyView.xib in Resources */ = {isa = PBXBuildFile; fileRef = E4F1CAB315DF8CE400979325 /* MyView.xib */; };
		E4F1CABA15DF8D5500979325 /* icon_next.png in Resources */ = {isa = PBXBuildFile; fileRef = E4F1CAB815DF8D5500979325 /* icon_next.png */; };
		E4F1CABB15DF8D5500979325 /* icon_next@2x.png in Resources */ = {isa = PBXBuildFile; fileRef = E4F1CAB915DF8D5500979325 /* icon_next@2x.png */; };
/* End PBXBuildFile section */

/* Begin PBXFileReference section */
		1D30AB110D05D00D00671497 /* Foundation.framework */ = {isa = PBXFileReference; lastKnownFileType = wrapper.framework; name = Foundation.framework; path = System/Library/Frameworks/Foundation.framework; sourceTree = SDKROOT; };
		1DF5F4DF0D08C38300B7A737 /* UIKit.framework */ = {isa = PBXFileReference; lastKnownFileType = wrapper.framework; name = UIKit.framework; path = System/Library/Frameworks/UIKit.framework; sourceTree = SDKROOT; };
		288765FC0DF74451002DB57D /* CoreGraphics.framework */ = {isa = PBXFileReference; lastKnownFileType = wrapper.framework; name = CoreGraphics.framework; path = System/Library/Frameworks/CoreGraphics.framework; sourceTree = SDKROOT; };
		29B97316FDCFA39411CA2CEA /* main.m */ = {isa = PBXFileReference; fileEncoding = 4; lastKnownFileType = sourcecode.c.objc; path = main.m; sourceTree = "<group>"; };
		3353BC9C11EAABC5001DD6CE /* libsqlite3.dylib */ = {isa = PBXFileReference; lastKnownFileType = "compiled.mach-o.dylib"; name = libsqlite3.dylib; path = usr/lib/libsqlite3.dylib; sourceTree = SDKROOT; };
		33DC879E11DC700400CF9145 /* SystemConfiguration.framework */ = {isa = PBXFileReference; lastKnownFileType = wrapper.framework; name = SystemConfiguration.framework; path = System/Library/Frameworks/SystemConfiguration.framework; sourceTree = SDKROOT; };
		70EBB26212D99E2D0092D2C6 /* Header.h */ = {isa = PBXFileReference; fileEncoding = 4; lastKnownFileType = sourcecode.c.h; path = Header.h; sourceTree = "<group>"; };
		70EBB26312D99E2D0092D2C6 /* SetFileManager.h */ = {isa = PBXFileReference; fileEncoding = 4; lastKnownFileType = sourcecode.c.h; path = SetFileManager.h; sourceTree = "<group>"; };
		70EBB26412D99E2D0092D2C6 /* SetFileManager.m */ = {isa = PBXFileReference; fileEncoding = 4; lastKnownFileType = sourcecode.c.objc; path = SetFileManager.m; sourceTree = "<group>"; };
		E44EB71E15DFD5B000375629 /* TDogAppDelegate.h */ = {isa = PBXFileReference; fileEncoding = 4; lastKnownFileType = sourcecode.c.h; path = TDogAppDelegate.h; sourceTree = "<group>"; };
		E44EB71F15DFD5B000375629 /* TDogAppDelegate.m */ = {isa = PBXFileReference; fileEncoding = 4; lastKnownFileType = sourcecode.c.objc; path = TDogAppDelegate.m; sourceTree = "<group>"; };
		E454DA71138CBCBB004BDC83 /* MyCommonTableViewCell.h */ = {isa = PBXFileReference; fileEncoding = 4; lastKnownFileType = sourcecode.c.h; path = MyCommonTableViewCell.h; sourceTree = "<group>"; };
		E454DA72138CBCBB004BDC83 /* MyCommonTableViewCell.m */ = {isa = PBXFileReference; fileEncoding = 4; lastKnownFileType = sourcecode.c.objc; path = MyCommonTableViewCell.m; sourceTree = "<group>"; };
		E47DC00D15259A8C00A893A1 /* Security.framework */ = {isa = PBXFileReference; lastKnownFileType = wrapper.framework; name = Security.framework; path = System/Library/Frameworks/Security.framework; sourceTree = SDKROOT; };
		E4874E1213AA1B1C006ABC35 /* English */ = {isa = PBXFileReference; fileEncoding = 4; lastKnownFileType = text.plist.strings; name = English; path = English.lproj/InfoPlist.strings; sourceTree = "<group>"; };
		E4874E1613AA1B4C006ABC35 /* Korean */ = {isa = PBXFileReference; lastKnownFileType = text.plist.strings; name = Korean; path = Korean.lproj/InfoPlist.strings; sourceTree = "<group>"; };
		E4BCAC741490678E00B55EC1 /* MessageUI.framework */ = {isa = PBXFileReference; lastKnownFileType = wrapper.framework; name = MessageUI.framework; path = System/Library/Frameworks/MessageUI.framework; sourceTree = SDKROOT; };
		E4CB4E64132F52AA00CAB71D /* myGringotts.app */ = {isa = PBXFileReference; explicitFileType = wrapper.application; includeInIndex = 0; path = myGringotts.app; sourceTree = BUILT_PRODUCTS_DIR; };
		E4EBB45615BBD917006251E6 /* DBUtil.h */ = {isa = PBXFileReference; fileEncoding = 4; lastKnownFileType = sourcecode.c.h; path = DBUtil.h; sourceTree = "<group>"; };
		E4EBB45715BBD917006251E6 /* DBUtil.m */ = {isa = PBXFileReference; fileEncoding = 4; lastKnownFileType = sourcecode.c.objc; path = DBUtil.m; sourceTree = "<group>"; };
		E4EBB45915BBDB5F006251E6 /* FavoriteDo.h */ = {isa = PBXFileReference; fileEncoding = 4; lastKnownFileType = sourcecode.c.h; path = FavoriteDo.h; sourceTree = "<group>"; };
		E4EBB45A15BBDB5F006251E6 /* FavoriteDo.m */ = {isa = PBXFileReference; fileEncoding = 4; lastKnownFileType = sourcecode.c.objc; path = FavoriteDo.m; sourceTree = "<group>"; };
		E4F1CA7215DF8A0500979325 /* RNCryptor.h */ = {isa = PBXFileReference; fileEncoding = 4; lastKnownFileType = sourcecode.c.h; path = RNCryptor.h; sourceTree = "<group>"; };
		E4F1CA7315DF8A0500979325 /* RNCryptor.m */ = {isa = PBXFileReference; fileEncoding = 4; lastKnownFileType = sourcecode.c.objc; path = RNCryptor.m; sourceTree = "<group>"; };
		E4F1CA7615DF8A5600979325 /* App.h */ = {isa = PBXFileReference; fileEncoding = 4; lastKnownFileType = sourcecode.c.h; path = App.h; sourceTree = "<group>"; };
		E4F1CA7715DF8A5600979325 /* App.m */ = {isa = PBXFileReference; fileEncoding = 4; lastKnownFileType = sourcecode.c.objc; path = App.m; sourceTree = "<group>"; };
		E4F1CA7815DF8A5600979325 /* EncryptViewController.h */ = {isa = PBXFileReference; fileEncoding = 4; lastKnownFileType = sourcecode.c.h; path = EncryptViewController.h; sourceTree = "<group>"; };
		E4F1CA7915DF8A5600979325 /* EncryptViewController.m */ = {isa = PBXFileReference; fileEncoding = 4; lastKnownFileType = sourcecode.c.objc; path = EncryptViewController.m; sourceTree = "<group>"; };
		E4F1CA7A15DF8A5600979325 /* MainViewController.h */ = {isa = PBXFileReference; fileEncoding = 4; lastKnownFileType = sourcecode.c.h; path = MainViewController.h; sourceTree = "<group>"; };
		E4F1CA7B15DF8A5600979325 /* MainViewController.m */ = {isa = PBXFileReference; fileEncoding = 4; lastKnownFileType = sourcecode.c.objc; path = MainViewController.m; sourceTree = "<group>"; };
		E4F1CA7C15DF8A5600979325 /* MyViewController.h */ = {isa = PBXFileReference; fileEncoding = 4; lastKnownFileType = sourcecode.c.h; path = MyViewController.h; sourceTree = "<group>"; };
		E4F1CA7D15DF8A5600979325 /* MyViewController.m */ = {isa = PBXFileReference; fileEncoding = 4; lastKnownFileType = sourcecode.c.objc; path = MyViewController.m; sourceTree = "<group>"; };
		E4F1CA8315DF8C9800979325 /* bg_cell1.png */ = {isa = PBXFileReference; lastKnownFileType = image.png; path = bg_cell1.png; sourceTree = "<group>"; };
		E4F1CA8415DF8C9800979325 /* bg_cell1@2x.png */ = {isa = PBXFileReference; lastKnownFileType = image.png; path = "bg_cell1@2x.png"; sourceTree = "<group>"; };
		E4F1CA8515DF8C9800979325 /* bg_cell2.png */ = {isa = PBXFileReference; lastKnownFileType = image.png; path = bg_cell2.png; sourceTree = "<group>"; };
		E4F1CA8615DF8C9800979325 /* bg_cell2@2x.png */ = {isa = PBXFileReference; lastKnownFileType = image.png; path = "bg_cell2@2x.png"; sourceTree = "<group>"; };
		E4F1CA8715DF8C9800979325 /* bg_mainbg.png */ = {isa = PBXFileReference; lastKnownFileType = image.png; path = bg_mainbg.png; sourceTree = "<group>"; };
		E4F1CA8815DF8C9800979325 /* bg_mainbg@2x.png */ = {isa = PBXFileReference; lastKnownFileType = image.png; path = "bg_mainbg@2x.png"; sourceTree = "<group>"; };
		E4F1CA8915DF8C9800979325 /* btn_all_delete.png */ = {isa = PBXFileReference; lastKnownFileType = image.png; path = btn_all_delete.png; sourceTree = "<group>"; };
		E4F1CA8A15DF8C9800979325 /* btn_all_delete@2x.png */ = {isa = PBXFileReference; lastKnownFileType = image.png; path = "btn_all_delete@2x.png"; sourceTree = "<group>"; };
		E4F1CA8B15DF8C9800979325 /* btn_close.png */ = {isa = PBXFileReference; lastKnownFileType = image.png; path = btn_close.png; sourceTree = "<group>"; };
		E4F1CA8C15DF8C9800979325 /* btn_close@2x.png */ = {isa = PBXFileReference; lastKnownFileType = image.png; path = "btn_close@2x.png"; sourceTree = "<group>"; };
		E4F1CA8D15DF8C9800979325 /* btn_done.png */ = {isa = PBXFileReference; lastKnownFileType = image.png; path = btn_done.png; sourceTree = "<group>"; };
		E4F1CA8E15DF8C9800979325 /* btn_done@2x.png */ = {isa = PBXFileReference; lastKnownFileType = image.png; path = "btn_done@2x.png"; sourceTree = "<group>"; };
		E4F1CA8F15DF8C9800979325 /* btn_edit.png */ = {isa = PBXFileReference; lastKnownFileType = image.png; path = btn_edit.png; sourceTree = "<group>"; };
		E4F1CA9015DF8C9800979325 /* btn_edit@2x.png */ = {isa = PBXFileReference; lastKnownFileType = image.png; path = "btn_edit@2x.png"; sourceTree = "<group>"; };
		E4F1CA9115DF8C9800979325 /* Default.png */ = {isa = PBXFileReference; lastKnownFileType = image.png; path = Default.png; sourceTree = "<group>"; };
		E4F1CA9215DF8C9800979325 /* Default@2x.png */ = {isa = PBXFileReference; lastKnownFileType = image.png; path = "Default@2x.png"; sourceTree = "<group>"; };
		E4F1CA9315DF8C9800979325 /* Icon.png */ = {isa = PBXFileReference; lastKnownFileType = image.png; path = Icon.png; sourceTree = "<group>"; };
		E4F1CA9415DF8C9800979325 /* Icon@2x.png */ = {isa = PBXFileReference; lastKnownFileType = image.png; path = "Icon@2x.png"; sourceTree = "<group>"; };
		E4F1CA9715DF8C9800979325 /* title_blank.png */ = {isa = PBXFileReference; lastKnownFileType = image.png; path = title_blank.png; sourceTree = "<group>"; };
		E4F1CA9815DF8C9800979325 /* title_blank@2x.png */ = {isa = PBXFileReference; lastKnownFileType = image.png; path = "title_blank@2x.png"; sourceTree = "<group>"; };
		E4F1CAB015DF8CE400979325 /* EncryptView.xib */ = {isa = PBXFileReference; fileEncoding = 4; lastKnownFileType = file.xib; path = EncryptView.xib; sourceTree = "<group>"; };
		E4F1CAB115DF8CE400979325 /* MainView.xib */ = {isa = PBXFileReference; fileEncoding = 4; lastKnownFileType = file.xib; path = MainView.xib; sourceTree = "<group>"; };
		E4F1CAB215DF8CE400979325 /* MyCommonTableViewCell.xib */ = {isa = PBXFileReference; fileEncoding = 4; lastKnownFileType = file.xib; path = MyCommonTableViewCell.xib; sourceTree = "<group>"; };
		E4F1CAB315DF8CE400979325 /* MyView.xib */ = {isa = PBXFileReference; fileEncoding = 4; lastKnownFileType = file.xib; path = MyView.xib; sourceTree = "<group>"; };
		E4F1CAB815DF8D5500979325 /* icon_next.png */ = {isa = PBXFileReference; lastKnownFileType = image.png; path = icon_next.png; sourceTree = "<group>"; };
		E4F1CAB915DF8D5500979325 /* icon_next@2x.png */ = {isa = PBXFileReference; lastKnownFileType = image.png; path = "icon_next@2x.png"; sourceTree = "<group>"; };
/* End PBXFileReference section */

/* Begin PBXFrameworksBuildPhase section */
		1D60588F0D05DD3D006BFB54 /* Frameworks */ = {
			isa = PBXFrameworksBuildPhase;
			buildActionMask = 2147483647;
			files = (
				E47DC00E15259A8C00A893A1 /* Security.framework in Frameworks */,
				E4BCAC751490678F00B55EC1 /* MessageUI.framework in Frameworks */,
				1D60589F0D05DD5A006BFB54 /* Foundation.framework in Frameworks */,
				1DF5F4E00D08C38300B7A737 /* UIKit.framework in Frameworks */,
				288765FD0DF74451002DB57D /* CoreGraphics.framework in Frameworks */,
				33DC879F11DC700400CF9145 /* SystemConfiguration.framework in Frameworks */,
				3353BC9D11EAABC5001DD6CE /* libsqlite3.dylib in Frameworks */,
			);
			runOnlyForDeploymentPostprocessing = 0;
		};
/* End PBXFrameworksBuildPhase section */

/* Begin PBXGroup section */
		19C28FACFE9D520D11CA2CBB /* Products */ = {
			isa = PBXGroup;
			children = (
				E4CB4E64132F52AA00CAB71D /* myGringotts.app */,
			);
			name = Products;
			sourceTree = "<group>";
		};
		29B97314FDCFA39411CA2CEA /* CustomTemplate */ = {
			isa = PBXGroup;
			children = (
				E4F1CA7115DF8A0500979325 /* RNcryptor */,
				70EBB25E12D99E2D0092D2C6 /* Classes */,
				70EBB31A12D99EB10092D2C6 /* Resource */,
				29B97315FDCFA39411CA2CEA /* Other Sources */,
				29B97323FDCFA39411CA2CEA /* Frameworks */,
				19C28FACFE9D520D11CA2CBB /* Products */,
			);
			name = CustomTemplate;
			sourceTree = "<group>";
		};
		29B97315FDCFA39411CA2CEA /* Other Sources */ = {
			isa = PBXGroup;
			children = (
				29B97316FDCFA39411CA2CEA /* main.m */,
			);
			name = "Other Sources";
			sourceTree = "<group>";
		};
		29B97323FDCFA39411CA2CEA /* Frameworks */ = {
			isa = PBXGroup;
			children = (
				E47DC00D15259A8C00A893A1 /* Security.framework */,
				E4BCAC741490678E00B55EC1 /* MessageUI.framework */,
				3353BC9C11EAABC5001DD6CE /* libsqlite3.dylib */,
				1DF5F4DF0D08C38300B7A737 /* UIKit.framework */,
				1D30AB110D05D00D00671497 /* Foundation.framework */,
				288765FC0DF74451002DB57D /* CoreGraphics.framework */,
				33DC879E11DC700400CF9145 /* SystemConfiguration.framework */,
			);
			name = Frameworks;
			sourceTree = "<group>";
		};
		70EBB25E12D99E2D0092D2C6 /* Classes */ = {
			isa = PBXGroup;
			children = (
				E44EB71E15DFD5B000375629 /* TDogAppDelegate.h */,
				E44EB71F15DFD5B000375629 /* TDogAppDelegate.m */,
				70EBB25F12D99E2D0092D2C6 /*  Inc */,
				70EBB27D12D99E2D0092D2C6 /* DO */,
				E4F1CA7515DF8A5600979325 /* Gringotts */,
				70EBB26712D99E2D0092D2C6 /* Common */,
			);
			path = Classes;
			sourceTree = "<group>";
		};
		70EBB25F12D99E2D0092D2C6 /*  Inc */ = {
			isa = PBXGroup;
			children = (
				70EBB26212D99E2D0092D2C6 /* Header.h */,
				E4EBB45615BBD917006251E6 /* DBUtil.h */,
				E4EBB45715BBD917006251E6 /* DBUtil.m */,
				70EBB26312D99E2D0092D2C6 /* SetFileManager.h */,
				70EBB26412D99E2D0092D2C6 /* SetFileManager.m */,
			);
			path = " Inc";
			sourceTree = "<group>";
		};
		70EBB26712D99E2D0092D2C6 /* Common */ = {
			isa = PBXGroup;
			children = (
				E454DA71138CBCBB004BDC83 /* MyCommonTableViewCell.h */,
				E454DA72138CBCBB004BDC83 /* MyCommonTableViewCell.m */,
			);
			path = Common;
			sourceTree = "<group>";
		};
		70EBB27D12D99E2D0092D2C6 /* DO */ = {
			isa = PBXGroup;
			children = (
				E4EBB45915BBDB5F006251E6 /* FavoriteDo.h */,
				E4EBB45A15BBDB5F006251E6 /* FavoriteDo.m */,
			);
			path = DO;
			sourceTree = "<group>";
		};
		70EBB31A12D99EB10092D2C6 /* Resource */ = {
			isa = PBXGroup;
			children = (
				E4F1CAAF15DF8CE400979325 /* Gringotts */,
				E4F1CA8215DF8C9800979325 /* Images */,
				E4874E1413AA1B30006ABC35 /* InfoPlist.strings */,
			);
			path = Resource;
			sourceTree = "<group>";
		};
		E4F1CA7115DF8A0500979325 /* RNcryptor */ = {
			isa = PBXGroup;
			children = (
				E4F1CA7215DF8A0500979325 /* RNCryptor.h */,
				E4F1CA7315DF8A0500979325 /* RNCryptor.m */,
			);
			path = RNcryptor;
			sourceTree = "<group>";
		};
		E4F1CA7515DF8A5600979325 /* Gringotts */ = {
			isa = PBXGroup;
			children = (
				E4F1CA7615DF8A5600979325 /* App.h */,
				E4F1CA7715DF8A5600979325 /* App.m */,
				E4F1CA7815DF8A5600979325 /* EncryptViewController.h */,
				E4F1CA7915DF8A5600979325 /* EncryptViewController.m */,
				E4F1CA7A15DF8A5600979325 /* MainViewController.h */,
				E4F1CA7B15DF8A5600979325 /* MainViewController.m */,
				E4F1CA7C15DF8A5600979325 /* MyViewController.h */,
				E4F1CA7D15DF8A5600979325 /* MyViewController.m */,
			);
			path = Gringotts;
			sourceTree = "<group>";
		};
		E4F1CA8215DF8C9800979325 /* Images */ = {
			isa = PBXGroup;
			children = (
				E4F1CAB815DF8D5500979325 /* icon_next.png */,
				E4F1CAB915DF8D5500979325 /* icon_next@2x.png */,
				E4F1CA8315DF8C9800979325 /* bg_cell1.png */,
				E4F1CA8415DF8C9800979325 /* bg_cell1@2x.png */,
				E4F1CA8515DF8C9800979325 /* bg_cell2.png */,
				E4F1CA8615DF8C9800979325 /* bg_cell2@2x.png */,
				E4F1CA8715DF8C9800979325 /* bg_mainbg.png */,
				E4F1CA8815DF8C9800979325 /* bg_mainbg@2x.png */,
				E4F1CA8915DF8C9800979325 /* btn_all_delete.png */,
				E4F1CA8A15DF8C9800979325 /* btn_all_delete@2x.png */,
				E4F1CA8B15DF8C9800979325 /* btn_close.png */,
				E4F1CA8C15DF8C9800979325 /* btn_close@2x.png */,
				E4F1CA8D15DF8C9800979325 /* btn_done.png */,
				E4F1CA8E15DF8C9800979325 /* btn_done@2x.png */,
				E4F1CA8F15DF8C9800979325 /* btn_edit.png */,
				E4F1CA9015DF8C9800979325 /* btn_edit@2x.png */,
				E4F1CA9115DF8C9800979325 /* Default.png */,
				E4F1CA9215DF8C9800979325 /* Default@2x.png */,
				E4F1CA9315DF8C9800979325 /* Icon.png */,
				E4F1CA9415DF8C9800979325 /* Icon@2x.png */,
				E4F1CA9715DF8C9800979325 /* title_blank.png */,
				E4F1CA9815DF8C9800979325 /* title_blank@2x.png */,
			);
			path = Images;
			sourceTree = "<group>";
		};
		E4F1CAAF15DF8CE400979325 /* Gringotts */ = {
			isa = PBXGroup;
			children = (
				E4F1CAB015DF8CE400979325 /* EncryptView.xib */,
				E4F1CAB115DF8CE400979325 /* MainView.xib */,
				E4F1CAB215DF8CE400979325 /* MyCommonTableViewCell.xib */,
				E4F1CAB315DF8CE400979325 /* MyView.xib */,
			);
			path = Gringotts;
			sourceTree = "<group>";
		};
/* End PBXGroup section */

/* Begin PBXNativeTarget section */
		1D6058900D05DD3D006BFB54 /* myGringotts */ = {
			isa = PBXNativeTarget;
			buildConfigurationList = 1D6058960D05DD3E006BFB54 /* Build configuration list for PBXNativeTarget "myGringotts" */;
			buildPhases = (
				1D60588D0D05DD3D006BFB54 /* Resources */,
				1D60588E0D05DD3D006BFB54 /* Sources */,
				1D60588F0D05DD3D006BFB54 /* Frameworks */,
			);
			buildRules = (
			);
			dependencies = (
			);
			name = myGringotts;
			productName = TDog;
			productReference = E4CB4E64132F52AA00CAB71D /* myGringotts.app */;
			productType = "com.apple.product-type.application";
		};
/* End PBXNativeTarget section */

/* Begin PBXProject section */
		29B97313FDCFA39411CA2CEA /* Project object */ = {
			isa = PBXProject;
			attributes = {
				LastUpgradeCheck = 0430;
				ORGANIZATIONNAME = Antares;
			};
			buildConfigurationList = C01FCF4E08A954540054247B /* Build configuration list for PBXProject "myGringotts" */;
			compatibilityVersion = "Xcode 3.2";
			developmentRegion = English;
			hasScannedForEncodings = 1;
			knownRegions = (
				English,
				Japanese,
				French,
				German,
				Korean,
			);
			mainGroup = 29B97314FDCFA39411CA2CEA /* CustomTemplate */;
			projectDirPath = "";
			projectRoot = "";
			targets = (
				1D6058900D05DD3D006BFB54 /* myGringotts */,
			);
		};
/* End PBXProject section */

/* Begin PBXResourcesBuildPhase section */
		1D60588D0D05DD3D006BFB54 /* Resources */ = {
			isa = PBXResourcesBuildPhase;
			buildActionMask = 2147483647;
			files = (
				E4874E1513AA1B30006ABC35 /* InfoPlist.strings in Resources */,
				E4F1CA9915DF8C9800979325 /* bg_cell1.png in Resources */,
				E4F1CA9A15DF8C9800979325 /* bg_cell1@2x.png in Resources */,
				E4F1CA9B15DF8C9800979325 /* bg_cell2.png in Resources */,
				E4F1CA9C15DF8C9800979325 /* bg_cell2@2x.png in Resources */,
				E4F1CA9D15DF8C9800979325 /* bg_mainbg.png in Resources */,
				E4F1CA9E15DF8C9800979325 /* bg_mainbg@2x.png in Resources */,
				E4F1CA9F15DF8C9800979325 /* btn_all_delete.png in Resources */,
				E4F1CAA015DF8C9800979325 /* btn_all_delete@2x.png in Resources */,
				E4F1CAA115DF8C9800979325 /* btn_close.png in Resources */,
				E4F1CAA215DF8C9800979325 /* btn_close@2x.png in Resources */,
				E4F1CAA315DF8C9800979325 /* btn_done.png in Resources */,
				E4F1CAA415DF8C9800979325 /* btn_done@2x.png in Resources */,
				E4F1CAA515DF8C9800979325 /* btn_edit.png in Resources */,
				E4F1CAA615DF8C9800979325 /* btn_edit@2x.png in Resources */,
				E4F1CAA715DF8C9800979325 /* Default.png in Resources */,
				E4F1CAA815DF8C9800979325 /* Default@2x.png in Resources */,
				E4F1CAA915DF8C9800979325 /* Icon.png in Resources */,
				E4F1CAAA15DF8C9800979325 /* Icon@2x.png in Resources */,
				E4F1CAAD15DF8C9800979325 /* title_blank.png in Resources */,
				E4F1CAAE15DF8C9800979325 /* title_blank@2x.png in Resources */,
				E4F1CAB415DF8CE400979325 /* EncryptView.xib in Resources */,
				E4F1CAB515DF8CE400979325 /* MainView.xib in Resources */,
				E4F1CAB615DF8CE400979325 /* MyCommonTableViewCell.xib in Resources */,
				E4F1CAB715DF8CE400979325 /* MyView.xib in Resources */,
				E4F1CABA15DF8D5500979325 /* icon_next.png in Resources */,
				E4F1CABB15DF8D5500979325 /* icon_next@2x.png in Resources */,
			);
			runOnlyForDeploymentPostprocessing = 0;
		};
/* End PBXResourcesBuildPhase section */

/* Begin PBXSourcesBuildPhase section */
		1D60588E0D05DD3D006BFB54 /* Sources */ = {
			isa = PBXSourcesBuildPhase;
			buildActionMask = 2147483647;
			files = (
				1D60589B0D05DD56006BFB54 /* main.m in Sources */,
				70EBB2CF12D99E2D0092D2C6 /* SetFileManager.m in Sources */,
				E454DA73138CBCBB004BDC83 /* MyCommonTableViewCell.m in Sources */,
				E4EBB45815BBD917006251E6 /* DBUtil.m in Sources */,
				E4EBB45B15BBDB5F006251E6 /* FavoriteDo.m in Sources */,
				E4F1CA7415DF8A0500979325 /* RNCryptor.m in Sources */,
				E4F1CA7E15DF8A5600979325 /* App.m in Sources */,
				E4F1CA7F15DF8A5600979325 /* EncryptViewController.m in Sources */,
				E4F1CA8015DF8A5600979325 /* MainViewController.m in Sources */,
				E4F1CA8115DF8A5600979325 /* MyViewController.m in Sources */,
				E44EB72015DFD5B000375629 /* TDogAppDelegate.m in Sources */,
			);
			runOnlyForDeploymentPostprocessing = 0;
		};
/* End PBXSourcesBuildPhase section */

/* Begin PBXVariantGroup section */
		E4874E1413AA1B30006ABC35 /* InfoPlist.strings */ = {
			isa = PBXVariantGroup;
			children = (
				E4874E1213AA1B1C006ABC35 /* English */,
				E4874E1613AA1B4C006ABC35 /* Korean */,
			);
			name = InfoPlist.strings;
			sourceTree = "<group>";
		};
/* End PBXVariantGroup section */

/* Begin XCBuildConfiguration section */
		1D6058940D05DD3E006BFB54 /* Debug */ = {
			isa = XCBuildConfiguration;
			buildSettings = {
				ALTERNATE_OWNER = shnam;
				ALWAYS_SEARCH_USER_PATHS = NO;
				CODE_SIGN_ENTITLEMENTS = Resource/Entitlements.plist;
				CODE_SIGN_IDENTITY = "";
				COPY_PHASE_STRIP = NO;
				GCC_DYNAMIC_NO_PIC = NO;
				GCC_OPTIMIZATION_LEVEL = 0;
				GCC_PRECOMPILE_PREFIX_HEADER = YES;
				GCC_PREFIX_HEADER = myGringotts_Prefix.pch;
				GCC_THUMB_SUPPORT = NO;
				HEADER_SEARCH_PATHS = "";
				INFOPLIST_FILE = "myGringotts-Info.plist";
				INSTALL_OWNER = shnam;
				IPHONEOS_DEPLOYMENT_TARGET = 4.1;
				LIBRARY_SEARCH_PATHS = "$(inherited)";
				PRODUCT_NAME = myGringotts;
				VERSION_INFO_BUILDER = shnam;
			};
			name = Debug;
		};
		1D6058950D05DD3E006BFB54 /* Release */ = {
			isa = XCBuildConfiguration;
			buildSettings = {
				ALTERNATE_OWNER = shnam;
				ALWAYS_SEARCH_USER_PATHS = NO;
				CODE_SIGN_ENTITLEMENTS = Resource/Entitlements.plist;
				CODE_SIGN_IDENTITY = "";
				COPY_PHASE_STRIP = YES;
				GCC_PRECOMPILE_PREFIX_HEADER = YES;
				GCC_PREFIX_HEADER = myGringotts_Prefix.pch;
				GCC_THUMB_SUPPORT = NO;
				HEADER_SEARCH_PATHS = "";
				INFOPLIST_FILE = "myGringotts-Info.plist";
				INSTALL_OWNER = shnam;
				LIBRARY_SEARCH_PATHS = "$(inherited)";
				PRODUCT_NAME = myGringotts;
				VALIDATE_PRODUCT = YES;
				VERSION_INFO_BUILDER = shnam;
			};
			name = Release;
		};
		33D1C60111ED821300B5B0B5 /* Distribution */ = {
			isa = XCBuildConfiguration;
			buildSettings = {
				ARCHS = (
					armv6,
					"$(ARCHS_STANDARD_32_BIT)",
				);
				CODE_SIGN_ENTITLEMENTS = Entitlements.plist;
				CODE_SIGN_IDENTITY = "";
				"CODE_SIGN_IDENTITY[sdk=iphoneos*]" = "iPhone Distribution: SUNGHAK NAM";
				GCC_C_LANGUAGE_STANDARD = c99;
				GCC_THUMB_SUPPORT = NO;
				GCC_WARN_ABOUT_RETURN_TYPE = YES;
				GCC_WARN_UNUSED_VARIABLE = YES;
				HEADER_SEARCH_PATHS = "";
				IPHONEOS_DEPLOYMENT_TARGET = 4.0;
				OTHER_CFLAGS = "-DNS_BLOCK_ASSERTIONS=1";
				OTHER_LDFLAGS = (
					"-ObjC",
					"-all_load",
				);
				PRODUCT_NAME = myGringotts;
				"PROVISIONING_PROFILE[sdk=iphoneos*]" = "B8EF75E5-072B-4C9B-9C03-65459E7650AC";
				SDKROOT = iphoneos;
			};
			name = Distribution;
		};
		33D1C60211ED821300B5B0B5 /* Distribution */ = {
			isa = XCBuildConfiguration;
			buildSettings = {
				ALTERNATE_OWNER = shnam;
				ALWAYS_SEARCH_USER_PATHS = NO;
				CODE_SIGN_ENTITLEMENTS = Resource/Entitlements.plist;
				CODE_SIGN_IDENTITY = "";
				"CODE_SIGN_IDENTITY[sdk=iphoneos*]" = "iPhone Distribution: SUNGHAK NAM";
				COPY_PHASE_STRIP = YES;
				GCC_PRECOMPILE_PREFIX_HEADER = YES;
				GCC_PREFIX_HEADER = myGringotts_Prefix.pch;
				GCC_THUMB_SUPPORT = NO;
				HEADER_SEARCH_PATHS = "";
				INFOPLIST_FILE = "myGringotts-Info.plist";
				INSTALL_OWNER = shnam;
				LIBRARY_SEARCH_PATHS = "$(inherited)";
				PRODUCT_NAME = myGringotts;
				"PROVISIONING_PROFILE[sdk=iphoneos*]" = "B8EF75E5-072B-4C9B-9C03-65459E7650AC";
				VALIDATE_PRODUCT = YES;
				VERSION_INFO_BUILDER = shnam;
			};
			name = Distribution;
		};
		C01FCF4F08A954540054247B /* Debug */ = {
			isa = XCBuildConfiguration;
			buildSettings = {
				ALTERNATE_OWNER = "";
				ARCHS = (
					armv6,
					"$(ARCHS_STANDARD_32_BIT)",
				);
				CODE_SIGN_ENTITLEMENTS = Entitlements.plist;
				CODE_SIGN_IDENTITY = "";
				"CODE_SIGN_IDENTITY[sdk=*]" = "iPhone Developer";
				GCC_C_LANGUAGE_STANDARD = c99;
				GCC_THUMB_SUPPORT = NO;
				GCC_WARN_ABOUT_RETURN_TYPE = YES;
				GCC_WARN_UNUSED_VARIABLE = YES;
				HEADER_SEARCH_PATHS = "";
				IPHONEOS_DEPLOYMENT_TARGET = 4.0;
				OTHER_LDFLAGS = (
					"-ObjC",
					"-all_load",
				);
				PRODUCT_NAME = myGringotts;
				"PROVISIONING_PROFILE[sdk=*]" = "";
				SDKROOT = iphoneos;
			};
			name = Debug;
		};
		C01FCF5008A954540054247B /* Release */ = {
			isa = XCBuildConfiguration;
			buildSettings = {
				ALTERNATE_OWNER = "";
				ARCHS = (
					armv6,
					"$(ARCHS_STANDARD_32_BIT)",
				);
				CODE_SIGN_ENTITLEMENTS = Entitlements.plist;
				CODE_SIGN_IDENTITY = "";
				"CODE_SIGN_IDENTITY[sdk=iphoneos*]" = "iPhone Developer";
				GCC_C_LANGUAGE_STANDARD = c99;
				GCC_THUMB_SUPPORT = NO;
				GCC_WARN_ABOUT_RETURN_TYPE = YES;
				GCC_WARN_UNUSED_VARIABLE = YES;
				HEADER_SEARCH_PATHS = "";
				OTHER_CFLAGS = "-DNS_BLOCK_ASSERTIONS=1";
				OTHER_LDFLAGS = (
					"-ObjC",
					"-all_load",
				);
				PRODUCT_NAME = myGringotts;
				"PROVISIONING_PROFILE[sdk=iphoneos*]" = "";
				SDKROOT = iphoneos;
			};
			name = Release;
		};
		E4AF32DB131C0FE600CD6AF7 /* Distribution copy */ = {
			isa = XCBuildConfiguration;
			buildSettings = {
				ALTERNATE_GROUP = shnam;
				ALTERNATE_OWNER = shnam;
				ARCHS = (
					armv6,
					"$(ARCHS_STANDARD_32_BIT)",
				);
				CODE_SIGN_ENTITLEMENTS = Entitlements.plist;
				CODE_SIGN_IDENTITY = "";
				"CODE_SIGN_IDENTITY[sdk=*]" = "iPhone Distribution";
				"CODE_SIGN_IDENTITY[sdk=iphoneos*]" = "iPhone Distribution";
				GCC_C_LANGUAGE_STANDARD = c99;
				GCC_THUMB_SUPPORT = NO;
				GCC_WARN_ABOUT_RETURN_TYPE = YES;
				GCC_WARN_UNUSED_VARIABLE = YES;
				HEADER_SEARCH_PATHS = "";
				INSTALL_GROUP = shnam;
				INSTALL_OWNER = shnam;
				IPHONEOS_DEPLOYMENT_TARGET = 4.0;
				OTHER_CFLAGS = "-DNS_BLOCK_ASSERTIONS=1";
				OTHER_LDFLAGS = (
					"-ObjC",
					"-all_load",
				);
				PRODUCT_NAME = myGringotts;
				"PROVISIONING_PROFILE[sdk=*]" = "";
				"PROVISIONING_PROFILE[sdk=iphoneos*]" = "";
				SDKROOT = iphoneos;
			};
			name = "Distribution copy";
		};
		E4AF32DC131C0FE600CD6AF7 /* Distribution copy */ = {
			isa = XCBuildConfiguration;
			buildSettings = {
				ALTERNATE_OWNER = shnam;
				ALWAYS_SEARCH_USER_PATHS = NO;
				CODE_SIGN_ENTITLEMENTS = Resource/Entitlements.plist;
				CODE_SIGN_IDENTITY = "";
				"CODE_SIGN_IDENTITY[sdk=*]" = "iPhone Distribution";
				COPY_PHASE_STRIP = YES;
				GCC_PRECOMPILE_PREFIX_HEADER = YES;
				GCC_PREFIX_HEADER = myGringotts_Prefix.pch;
				GCC_THUMB_SUPPORT = NO;
				HEADER_SEARCH_PATHS = "";
				INFOPLIST_FILE = "myGringotts-Info.plist";
				INSTALL_OWNER = shnam;
				LIBRARY_SEARCH_PATHS = "$(inherited)";
				PRODUCT_NAME = myGringotts;
				"PROVISIONING_PROFILE[sdk=*]" = "";
				VERSION_INFO_BUILDER = shnam;
			};
			name = "Distribution copy";
		};
/* End XCBuildConfiguration section */

/* Begin XCConfigurationList section */
		1D6058960D05DD3E006BFB54 /* Build configuration list for PBXNativeTarget "myGringotts" */ = {
			isa = XCConfigurationList;
			buildConfigurations = (
				1D6058940D05DD3E006BFB54 /* Debug */,
				1D6058950D05DD3E006BFB54 /* Release */,
				33D1C60211ED821300B5B0B5 /* Distribution */,
				E4AF32DC131C0FE600CD6AF7 /* Distribution copy */,
			);
			defaultConfigurationIsVisible = 0;
			defaultConfigurationName = "Distribution copy";
		};
		C01FCF4E08A954540054247B /* Build configuration list for PBXProject "myGringotts" */ = {
			isa = XCConfigurationList;
			buildConfigurations = (
				C01FCF4F08A954540054247B /* Debug */,
				C01FCF5008A954540054247B /* Release */,
				33D1C60111ED821300B5B0B5 /* Distribution */,
				E4AF32DB131C0FE600CD6AF7 /* Distribution copy */,
			);
			defaultConfigurationIsVisible = 0;
			defaultConfigurationName = "Distribution copy";
		};
/* End XCConfigurationList section */
	};
	rootObject = 29B97313FDCFA39411CA2CEA /* Project object */;
}
